// !$*UTF8*$!
{
	archiveVersion = 1;
	classes = {
	};
	objectVersion = 50;
	objects = {

/* Begin PBXBuildFile section */
		0741027324FE9B8B00559E4F /* AppDelegate.swift in Sources */ = {isa = PBXBuildFile; fileRef = 0741027224FE9B8B00559E4F /* AppDelegate.swift */; };
		0741027524FE9B8B00559E4F /* SceneDelegate.swift in Sources */ = {isa = PBXBuildFile; fileRef = 0741027424FE9B8B00559E4F /* SceneDelegate.swift */; };
		0741027724FE9B8B00559E4F /* EmojiMemoryGameView.swift in Sources */ = {isa = PBXBuildFile; fileRef = 0741027624FE9B8B00559E4F /* EmojiMemoryGameView.swift */; };
		0741027924FE9B8C00559E4F /* Assets.xcassets in Resources */ = {isa = PBXBuildFile; fileRef = 0741027824FE9B8C00559E4F /* Assets.xcassets */; };
		0741027C24FE9B8C00559E4F /* Preview Assets.xcassets in Resources */ = {isa = PBXBuildFile; fileRef = 0741027B24FE9B8C00559E4F /* Preview Assets.xcassets */; };
		0741027F24FE9B8C00559E4F /* LaunchScreen.storyboard in Resources */ = {isa = PBXBuildFile; fileRef = 0741027D24FE9B8C00559E4F /* LaunchScreen.storyboard */; };
		07BBE4AE251B05F2009742B0 /* GridLayout.swift in Sources */ = {isa = PBXBuildFile; fileRef = 07BBE4AD251B05F2009742B0 /* GridLayout.swift */; };
		07BBE4B1251B0F89009742B0 /* Grid.swift in Sources */ = {isa = PBXBuildFile; fileRef = 07BBE4B0251B0F89009742B0 /* Grid.swift */; };
		07BBE4B4251B1DF6009742B0 /* Array+identifiable.swift in Sources */ = {isa = PBXBuildFile; fileRef = 07BBE4B3251B1DF6009742B0 /* Array+identifiable.swift */; };
		07BBE4B8251B3A89009742B0 /* Array+Only.swift in Sources */ = {isa = PBXBuildFile; fileRef = 07BBE4B7251B3A89009742B0 /* Array+Only.swift */; };
		07BBE4BE251D87E9009742B0 /* Pai.swift in Sources */ = {isa = PBXBuildFile; fileRef = 07BBE4BD251D87E9009742B0 /* Pai.swift */; };
		07BBE4C2251D96A4009742B0 /* Cardify.swift in Sources */ = {isa = PBXBuildFile; fileRef = 07BBE4C1251D96A4009742B0 /* Cardify.swift */; };
		07C5E46025150C7900F58AFE /* MemoryGame.swift in Sources */ = {isa = PBXBuildFile; fileRef = 07C5E45F25150C7900F58AFE /* MemoryGame.swift */; };
		07DE3C5C25182741003FA10D /* EmojiMemoryGame.swift in Sources */ = {isa = PBXBuildFile; fileRef = 07DE3C5B25182741003FA10D /* EmojiMemoryGame.swift */; };
/* End PBXBuildFile section */

/* Begin PBXFileReference section */
		0741026F24FE9B8B00559E4F /* Memorize.app */ = {isa = PBXFileReference; explicitFileType = wrapper.application; includeInIndex = 0; path = Memorize.app; sourceTree = BUILT_PRODUCTS_DIR; };
		0741027224FE9B8B00559E4F /* AppDelegate.swift */ = {isa = PBXFileReference; lastKnownFileType = sourcecode.swift; path = AppDelegate.swift; sourceTree = "<group>"; };
		0741027424FE9B8B00559E4F /* SceneDelegate.swift */ = {isa = PBXFileReference; lastKnownFileType = sourcecode.swift; path = SceneDelegate.swift; sourceTree = "<group>"; };
		0741027624FE9B8B00559E4F /* EmojiMemoryGameView.swift */ = {isa = PBXFileReference; lastKnownFileType = sourcecode.swift; path = EmojiMemoryGameView.swift; sourceTree = "<group>"; };
		0741027824FE9B8C00559E4F /* Assets.xcassets */ = {isa = PBXFileReference; lastKnownFileType = folder.assetcatalog; path = Assets.xcassets; sourceTree = "<group>"; };
		0741027B24FE9B8C00559E4F /* Preview Assets.xcassets */ = {isa = PBXFileReference; lastKnownFileType = folder.assetcatalog; path = "Preview Assets.xcassets"; sourceTree = "<group>"; };
		0741027E24FE9B8C00559E4F /* Base */ = {isa = PBXFileReference; lastKnownFileType = file.storyboard; name = Base; path = Base.lproj/LaunchScreen.storyboard; sourceTree = "<group>"; };
		0741028024FE9B8C00559E4F /* Info.plist */ = {isa = PBXFileReference; lastKnownFileType = text.plist.xml; path = Info.plist; sourceTree = "<group>"; };
		07BBE4AD251B05F2009742B0 /* GridLayout.swift */ = {isa = PBXFileReference; fileEncoding = 4; lastKnownFileType = sourcecode.swift; path = GridLayout.swift; sourceTree = "<group>"; };
		07BBE4B0251B0F89009742B0 /* Grid.swift */ = {isa = PBXFileReference; lastKnownFileType = sourcecode.swift; path = Grid.swift; sourceTree = "<group>"; };
		07BBE4B3251B1DF6009742B0 /* Array+identifiable.swift */ = {isa = PBXFileReference; lastKnownFileType = sourcecode.swift; path = "Array+identifiable.swift"; sourceTree = "<group>"; };
		07BBE4B7251B3A89009742B0 /* Array+Only.swift */ = {isa = PBXFileReference; lastKnownFileType = sourcecode.swift; path = "Array+Only.swift"; sourceTree = "<group>"; };
		07BBE4BD251D87E9009742B0 /* Pai.swift */ = {isa = PBXFileReference; lastKnownFileType = sourcecode.swift; path = Pai.swift; sourceTree = "<group>"; };
		07BBE4C1251D96A4009742B0 /* Cardify.swift */ = {isa = PBXFileReference; lastKnownFileType = sourcecode.swift; path = Cardify.swift; sourceTree = "<group>"; };
		07C5E45F25150C7900F58AFE /* MemoryGame.swift */ = {isa = PBXFileReference; lastKnownFileType = sourcecode.swift; path = MemoryGame.swift; sourceTree = "<group>"; };
		07DE3C5B25182741003FA10D /* EmojiMemoryGame.swift */ = {isa = PBXFileReference; lastKnownFileType = sourcecode.swift; path = EmojiMemoryGame.swift; sourceTree = "<group>"; };
/* End PBXFileReference section */

/* Begin PBXFrameworksBuildPhase section */
		0741026C24FE9B8B00559E4F /* Frameworks */ = {
			isa = PBXFrameworksBuildPhase;
			buildActionMask = 2147483647;
			files = (
			);
			runOnlyForDeploymentPostprocessing = 0;
		};
/* End PBXFrameworksBuildPhase section */

/* Begin PBXGroup section */
		0741026624FE9B8B00559E4F = {
			isa = PBXGroup;
			children = (
				0741027124FE9B8B00559E4F /* Memorize */,
				0741027024FE9B8B00559E4F /* Products */,
			);
			sourceTree = "<group>";
		};
		0741027024FE9B8B00559E4F /* Products */ = {
			isa = PBXGroup;
			children = (
				0741026F24FE9B8B00559E4F /* Memorize.app */,
			);
			name = Products;
			sourceTree = "<group>";
		};
		0741027124FE9B8B00559E4F /* Memorize */ = {
			isa = PBXGroup;
			children = (
				0741027224FE9B8B00559E4F /* AppDelegate.swift */,
				0741027424FE9B8B00559E4F /* SceneDelegate.swift */,
				07BBE4B0251B0F89009742B0 /* Grid.swift */,
				07BBE4AD251B05F2009742B0 /* GridLayout.swift */,
				07BBE4BD251D87E9009742B0 /* Pai.swift */,
				07BBE4C1251D96A4009742B0 /* Cardify.swift */,
				0741027624FE9B8B00559E4F /* EmojiMemoryGameView.swift */,
				07DE3C5B25182741003FA10D /* EmojiMemoryGame.swift */,
				07C5E45F25150C7900F58AFE /* MemoryGame.swift */,
				07BBE4B3251B1DF6009742B0 /* Array+identifiable.swift */,
				07BBE4B7251B3A89009742B0 /* Array+Only.swift */,
				0741027824FE9B8C00559E4F /* Assets.xcassets */,
				0741027D24FE9B8C00559E4F /* LaunchScreen.storyboard */,
				0741028024FE9B8C00559E4F /* Info.plist */,
				0741027A24FE9B8C00559E4F /* Preview Content */,
			);
			path = Memorize;
			sourceTree = "<group>";
		};
		0741027A24FE9B8C00559E4F /* Preview Content */ = {
			isa = PBXGroup;
			children = (
				0741027B24FE9B8C00559E4F /* Preview Assets.xcassets */,
			);
			path = "Preview Content";
			sourceTree = "<group>";
		};
/* End PBXGroup section */

/* Begin PBXNativeTarget section */
		0741026E24FE9B8B00559E4F /* Memorize */ = {
			isa = PBXNativeTarget;
			buildConfigurationList = 0741028324FE9B8C00559E4F /* Build configuration list for PBXNativeTarget "Memorize" */;
			buildPhases = (
				0741026B24FE9B8B00559E4F /* Sources */,
				0741026C24FE9B8B00559E4F /* Frameworks */,
				0741026D24FE9B8B00559E4F /* Resources */,
			);
			buildRules = (
			);
			dependencies = (
			);
			name = Memorize;
			productName = Memorize;
			productReference = 0741026F24FE9B8B00559E4F /* Memorize.app */;
			productType = "com.apple.product-type.application";
		};
/* End PBXNativeTarget section */

/* Begin PBXProject section */
		0741026724FE9B8B00559E4F /* Project object */ = {
			isa = PBXProject;
			attributes = {
				LastSwiftUpdateCheck = 1160;
				LastUpgradeCheck = 1200;
				ORGANIZATIONNAME = "Gaoxiang Zhang";
				TargetAttributes = {
					0741026E24FE9B8B00559E4F = {
						CreatedOnToolsVersion = 11.6;
					};
				};
			};
			buildConfigurationList = 0741026A24FE9B8B00559E4F /* Build configuration list for PBXProject "Memorize" */;
			compatibilityVersion = "Xcode 9.3";
			developmentRegion = en;
			hasScannedForEncodings = 0;
			knownRegions = (
				en,
				Base,
			);
			mainGroup = 0741026624FE9B8B00559E4F;
			productRefGroup = 0741027024FE9B8B00559E4F /* Products */;
			projectDirPath = "";
			projectRoot = "";
			targets = (
				0741026E24FE9B8B00559E4F /* Memorize */,
			);
		};
/* End PBXProject section */

/* Begin PBXResourcesBuildPhase section */
		0741026D24FE9B8B00559E4F /* Resources */ = {
			isa = PBXResourcesBuildPhase;
			buildActionMask = 2147483647;
			files = (
				0741027F24FE9B8C00559E4F /* LaunchScreen.storyboard in Resources */,
				0741027C24FE9B8C00559E4F /* Preview Assets.xcassets in Resources */,
				0741027924FE9B8C00559E4F /* Assets.xcassets in Resources */,
			);
			runOnlyForDeploymentPostprocessing = 0;
		};
/* End PBXResourcesBuildPhase section */

/* Begin PBXSourcesBuildPhase section */
		0741026B24FE9B8B00559E4F /* Sources */ = {
			isa = PBXSourcesBuildPhase;
			buildActionMask = 2147483647;
			files = (
				07BBE4C2251D96A4009742B0 /* Cardify.swift in Sources */,
				07BBE4BE251D87E9009742B0 /* Pai.swift in Sources */,
				0741027324FE9B8B00559E4F /* AppDelegate.swift in Sources */,
				0741027524FE9B8B00559E4F /* SceneDelegate.swift in Sources */,
				0741027724FE9B8B00559E4F /* EmojiMemoryGameView.swift in Sources */,
				07BBE4B8251B3A89009742B0 /* Array+Only.swift in Sources */,
				07BBE4AE251B05F2009742B0 /* GridLayout.swift in Sources */,
				07C5E46025150C7900F58AFE /* MemoryGame.swift in Sources */,
				07BBE4B4251B1DF6009742B0 /* Array+identifiable.swift in Sources */,
				07BBE4B1251B0F89009742B0 /* Grid.swift in Sources */,
				07DE3C5C25182741003FA10D /* EmojiMemoryGame.swift in Sources */,
			);
			runOnlyForDeploymentPostprocessing = 0;
		};
/* End PBXSourcesBuildPhase section */

/* Begin PBXVariantGroup section */
		0741027D24FE9B8C00559E4F /* LaunchScreen.storyboard */ = {
			isa = PBXVariantGroup;
			children = (
				0741027E24FE9B8C00559E4F /* Base */,
			);
			name = LaunchScreen.storyboard;
			sourceTree = "<group>";
		};
/* End PBXVariantGroup section */

/* Begin XCBuildConfiguration section */
		0741028124FE9B8C00559E4F /* Debug */ = {
			isa = XCBuildConfiguration;
			buildSettings = {
				ALWAYS_SEARCH_USER_PATHS = NO;
				CLANG_ANALYZER_NONNULL = YES;
				CLANG_ANALYZER_NUMBER_OBJECT_CONVERSION = YES_AGGRESSIVE;
				CLANG_CXX_LANGUAGE_STANDARD = "gnu++14";
				CLANG_CXX_LIBRARY = "libc++";
				CLANG_ENABLE_MODULES = YES;
				CLANG_ENABLE_OBJC_ARC = YES;
				CLANG_ENABLE_OBJC_WEAK = YES;
				CLANG_WARN_BLOCK_CAPTURE_AUTORELEASING = YES;
				CLANG_WARN_BOOL_CONVERSION = YES;
				CLANG_WARN_COMMA = YES;
				CLANG_WARN_CONSTANT_CONVERSION = YES;
				CLANG_WARN_DEPRECATED_OBJC_IMPLEMENTATIONS = YES;
				CLANG_WARN_DIRECT_OBJC_ISA_USAGE = YES_ERROR;
				CLANG_WARN_DOCUMENTATION_COMMENTS = YES;
				CLANG_WARN_EMPTY_BODY = YES;
				CLANG_WARN_ENUM_CONVERSION = YES;
				CLANG_WARN_INFINITE_RECURSION = YES;
				CLANG_WARN_INT_CONVERSION = YES;
				CLANG_WARN_NON_LITERAL_NULL_CONVERSION = YES;
				CLANG_WARN_OBJC_IMPLICIT_RETAIN_SELF = YES;
				CLANG_WARN_OBJC_LITERAL_CONVERSION = YES;
				CLANG_WARN_OBJC_ROOT_CLASS = YES_ERROR;
				CLANG_WARN_QUOTED_INCLUDE_IN_FRAMEWORK_HEADER = YES;
				CLANG_WARN_RANGE_LOOP_ANALYSIS = YES;
				CLANG_WARN_STRICT_PROTOTYPES = YES;
				CLANG_WARN_SUSPICIOUS_MOVE = YES;
				CLANG_WARN_UNGUARDED_AVAILABILITY = YES_AGGRESSIVE;
				CLANG_WARN_UNREACHABLE_CODE = YES;
				CLANG_WARN__DUPLICATE_METHOD_MATCH = YES;
				COPY_PHASE_STRIP = NO;
				DEBUG_INFORMATION_FORMAT = dwarf;
				ENABLE_STRICT_OBJC_MSGSEND = YES;
				ENABLE_TESTABILITY = YES;
				GCC_C_LANGUAGE_STANDARD = gnu11;
				GCC_DYNAMIC_NO_PIC = NO;
				GCC_NO_COMMON_BLOCKS = YES;
				GCC_OPTIMIZATION_LEVEL = 0;
				GCC_PREPROCESSOR_DEFINITIONS = (
					"DEBUG=1",
					"$(inherited)",
				);
				GCC_WARN_64_TO_32_BIT_CONVERSION = YES;
				GCC_WARN_ABOUT_RETURN_TYPE = YES_ERROR;
				GCC_WARN_UNDECLARED_SELECTOR = YES;
				GCC_WARN_UNINITIALIZED_AUTOS = YES_AGGRESSIVE;
				GCC_WARN_UNUSED_FUNCTION = YES;
				GCC_WARN_UNUSED_VARIABLE = YES;
				IPHONEOS_DEPLOYMENT_TARGET = 13.6;
				MTL_ENABLE_DEBUG_INFO = INCLUDE_SOURCE;
				MTL_FAST_MATH = YES;
				ONLY_ACTIVE_ARCH = YES;
				SDKROOT = iphoneos;
				SWIFT_ACTIVE_COMPILATION_CONDITIONS = DEBUG;
				SWIFT_OPTIMIZATION_LEVEL = "-Onone";
			};
			name = Debug;
		};
		0741028224FE9B8C00559E4F /* Release */ = {
			isa = XCBuildConfiguration;
			buildSettings = {
				ALWAYS_SEARCH_USER_PATHS = NO;
				CLANG_ANALYZER_NONNULL = YES;
				CLANG_ANALYZER_NUMBER_OBJECT_CONVERSION = YES_AGGRESSIVE;
				CLANG_CXX_LANGUAGE_STANDARD = "gnu++14";
				CLANG_CXX_LIBRARY = "libc++";
				CLANG_ENABLE_MODULES = YES;
				CLANG_ENABLE_OBJC_ARC = YES;
				CLANG_ENABLE_OBJC_WEAK = YES;
				CLANG_WARN_BLOCK_CAPTURE_AUTORELEASING = YES;
				CLANG_WARN_BOOL_CONVERSION = YES;
				CLANG_WARN_COMMA = YES;
				CLANG_WARN_CONSTANT_CONVERSION = YES;
				CLANG_WARN_DEPRECATED_OBJC_IMPLEMENTATIONS = YES;
				CLANG_WARN_DIRECT_OBJC_ISA_USAGE = YES_ERROR;
				CLANG_WARN_DOCUMENTATION_COMMENTS = YES;
				CLANG_WARN_EMPTY_BODY = YES;
				CLANG_WARN_ENUM_CONVERSION = YES;
				CLANG_WARN_INFINITE_RECURSION = YES;
				CLANG_WARN_INT_CONVERSION = YES;
				CLANG_WARN_NON_LITERAL_NULL_CONVERSION = YES;
				CLANG_WARN_OBJC_IMPLICIT_RETAIN_SELF = YES;
				CLANG_WARN_OBJC_LITERAL_CONVERSION = YES;
				CLANG_WARN_OBJC_ROOT_CLASS = YES_ERROR;
				CLANG_WARN_QUOTED_INCLUDE_IN_FRAMEWORK_HEADER = YES;
				CLANG_WARN_RANGE_LOOP_ANALYSIS = YES;
				CLANG_WARN_STRICT_PROTOTYPES = YES;
				CLANG_WARN_SUSPICIOUS_MOVE = YES;
				CLANG_WARN_UNGUARDED_AVAILABILITY = YES_AGGRESSIVE;
				CLANG_WARN_UNREACHABLE_CODE = YES;
				CLANG_WARN__DUPLICATE_METHOD_MATCH = YES;
				COPY_PHASE_STRIP = NO;
				DEBUG_INFORMATION_FORMAT = "dwarf-with-dsym";
				ENABLE_NS_ASSERTIONS = NO;
				ENABLE_STRICT_OBJC_MSGSEND = YES;
				GCC_C_LANGUAGE_STANDARD = gnu11;
				GCC_NO_COMMON_BLOCKS = YES;
				GCC_WARN_64_TO_32_BIT_CONVERSION = YES;
				GCC_WARN_ABOUT_RETURN_TYPE = YES_ERROR;
				GCC_WARN_UNDECLARED_SELECTOR = YES;
				GCC_WARN_UNINITIALIZED_AUTOS = YES_AGGRESSIVE;
				GCC_WARN_UNUSED_FUNCTION = YES;
				GCC_WARN_UNUSED_VARIABLE = YES;
				IPHONEOS_DEPLOYMENT_TARGET = 13.6;
				MTL_ENABLE_DEBUG_INFO = NO;
				MTL_FAST_MATH = YES;
				SDKROOT = iphoneos;
				SWIFT_COMPILATION_MODE = wholemodule;
				SWIFT_OPTIMIZATION_LEVEL = "-O";
				VALIDATE_PRODUCT = YES;
			};
			name = Release;
		};
		0741028424FE9B8C00559E4F /* Debug */ = {
			isa = XCBuildConfiguration;
			buildSettings = {
				ASSETCATALOG_COMPILER_APPICON_NAME = AppIcon;
				CODE_SIGN_STYLE = Automatic;
				DEVELOPMENT_ASSET_PATHS = "\"Memorize/Preview Content\"";
				DEVELOPMENT_TEAM = BTFUPS4949;
				ENABLE_PREVIEWS = YES;
				INFOPLIST_FILE = Memorize/Info.plist;
				LD_RUNPATH_SEARCH_PATHS = (
					"$(inherited)",
					"@executable_path/Frameworks",
				);
				PRODUCT_BUNDLE_IDENTIFIER = "io.github.gaoxiangzhang-abner.Memorize";
				PRODUCT_NAME = "$(TARGET_NAME)";
				SWIFT_VERSION = 5.0;
				TARGETED_DEVICE_FAMILY = "1,2";
			};
			name = Debug;
		};
		0741028524FE9B8C00559E4F /* Release */ = {
			isa = XCBuildConfiguration;
			buildSettings = {
				ASSETCATALOG_COMPILER_APPICON_NAME = AppIcon;
				CODE_SIGN_STYLE = Automatic;
				DEVELOPMENT_ASSET_PATHS = "\"Memorize/Preview Content\"";
				DEVELOPMENT_TEAM = BTFUPS4949;
				ENABLE_PREVIEWS = YES;
				INFOPLIST_FILE = Memorize/Info.plist;
				LD_RUNPATH_SEARCH_PATHS = (
					"$(inherited)",
					"@executable_path/Frameworks",
				);
				PRODUCT_BUNDLE_IDENTIFIER = "io.github.gaoxiangzhang-abner.Memorize";
				PRODUCT_NAME = "$(TARGET_NAME)";
				SWIFT_VERSION = 5.0;
				TARGETED_DEVICE_FAMILY = "1,2";
			};
			name = Release;
		};
/* End XCBuildConfiguration section */

/* Begin XCConfigurationList section */
		0741026A24FE9B8B00559E4F /* Build configuration list for PBXProject "Memorize" */ = {
			isa = XCConfigurationList;
			buildConfigurations = (
				0741028124FE9B8C00559E4F /* Debug */,
				0741028224FE9B8C00559E4F /* Release */,
			);
			defaultConfigurationIsVisible = 0;
			defaultConfigurationName = Release;
		};
		0741028324FE9B8C00559E4F /* Build configuration list for PBXNativeTarget "Memorize" */ = {
			isa = XCConfigurationList;
			buildConfigurations = (
				0741028424FE9B8C00559E4F /* Debug */,
				0741028524FE9B8C00559E4F /* Release */,
			);
			defaultConfigurationIsVisible = 0;
			defaultConfigurationName = Release;
		};
/* End XCConfigurationList section */
	};
	rootObject = 0741026724FE9B8B00559E4F /* Project object */;
}
